// !$*UTF8*$!
{
	archiveVersion = 1;
	classes = {
	};
	objectVersion = 46;
	objects = {

/* Begin PBXBuildFile section */
		F773403A1849FC040019FA46 /* Foundation.framework in Frameworks */ = {isa = PBXBuildFile; fileRef = F77340391849FC040019FA46 /* Foundation.framework */; };
		F773403C1849FC040019FA46 /* CoreGraphics.framework in Frameworks */ = {isa = PBXBuildFile; fileRef = F773403B1849FC040019FA46 /* CoreGraphics.framework */; };
		F773403E1849FC040019FA46 /* UIKit.framework in Frameworks */ = {isa = PBXBuildFile; fileRef = F773403D1849FC040019FA46 /* UIKit.framework */; };
		F77340401849FC040019FA46 /* CoreData.framework in Frameworks */ = {isa = PBXBuildFile; fileRef = F773403F1849FC040019FA46 /* CoreData.framework */; };
		F77340461849FC040019FA46 /* InfoPlist.strings in Resources */ = {isa = PBXBuildFile; fileRef = F77340441849FC040019FA46 /* InfoPlist.strings */; };
		F77340481849FC040019FA46 /* main.m in Sources */ = {isa = PBXBuildFile; fileRef = F77340471849FC040019FA46 /* main.m */; };
		F773404C1849FC040019FA46 /* ADSAppDelegate.m in Sources */ = {isa = PBXBuildFile; fileRef = F773404B1849FC040019FA46 /* ADSAppDelegate.m */; };
		F773404F1849FC040019FA46 /* BooksMobile.xcdatamodeld in Sources */ = {isa = PBXBuildFile; fileRef = F773404D1849FC040019FA46 /* BooksMobile.xcdatamodeld */; };
		F77340511849FC040019FA46 /* Images.xcassets in Resources */ = {isa = PBXBuildFile; fileRef = F77340501849FC040019FA46 /* Images.xcassets */; };
		F77340581849FC040019FA46 /* XCTest.framework in Frameworks */ = {isa = PBXBuildFile; fileRef = F77340571849FC040019FA46 /* XCTest.framework */; };
		F77340591849FC040019FA46 /* Foundation.framework in Frameworks */ = {isa = PBXBuildFile; fileRef = F77340391849FC040019FA46 /* Foundation.framework */; };
		F773405A1849FC040019FA46 /* UIKit.framework in Frameworks */ = {isa = PBXBuildFile; fileRef = F773403D1849FC040019FA46 /* UIKit.framework */; };
		F773405B1849FC040019FA46 /* CoreData.framework in Frameworks */ = {isa = PBXBuildFile; fileRef = F773403F1849FC040019FA46 /* CoreData.framework */; };
		F77340631849FC040019FA46 /* InfoPlist.strings in Resources */ = {isa = PBXBuildFile; fileRef = F77340611849FC040019FA46 /* InfoPlist.strings */; };
		F77340651849FC040019FA46 /* BooksMobileTests.m in Sources */ = {isa = PBXBuildFile; fileRef = F77340641849FC040019FA46 /* BooksMobileTests.m */; };
		F7734085184A05EC0019FA46 /* ADSBook+UISupport.m in Sources */ = {isa = PBXBuildFile; fileRef = F7734084184A05EC0019FA46 /* ADSBook+UISupport.m */; };
		F7734097184A08310019FA46 /* ADSAuthor.m in Sources */ = {isa = PBXBuildFile; fileRef = F7734096184A08310019FA46 /* ADSAuthor.m */; };
		F773409A184A08320019FA46 /* ADSBook.m in Sources */ = {isa = PBXBuildFile; fileRef = F7734099184A08320019FA46 /* ADSBook.m */; };
		F773409C184A0DC00019FA46 /* Storyboard.storyboard in Resources */ = {isa = PBXBuildFile; fileRef = F773409B184A0DC00019FA46 /* Storyboard.storyboard */; };
		F773409F184A17700019FA46 /* ADSAuthorViewController.m in Sources */ = {isa = PBXBuildFile; fileRef = F773409E184A17700019FA46 /* ADSAuthorViewController.m */; };
		F77340A2184A185D0019FA46 /* ADSAuthorsListViewController.m in Sources */ = {isa = PBXBuildFile; fileRef = F77340A1184A185D0019FA46 /* ADSAuthorsListViewController.m */; };
		F77340A8184A2D380019FA46 /* ADSAuthorEditViewController.m in Sources */ = {isa = PBXBuildFile; fileRef = F77340A7184A2D380019FA46 /* ADSAuthorEditViewController.m */; };
/* End PBXBuildFile section */

/* Begin PBXContainerItemProxy section */
		F773405C1849FC040019FA46 /* PBXContainerItemProxy */ = {
			isa = PBXContainerItemProxy;
			containerPortal = F773402E1849FC040019FA46 /* Project object */;
			proxyType = 1;
			remoteGlobalIDString = F77340351849FC040019FA46;
			remoteInfo = BooksMobile;
		};
/* End PBXContainerItemProxy section */

/* Begin PBXFileReference section */
		F77340361849FC040019FA46 /* BooksMobile.app */ = {isa = PBXFileReference; explicitFileType = wrapper.application; includeInIndex = 0; path = BooksMobile.app; sourceTree = BUILT_PRODUCTS_DIR; };
		F77340391849FC040019FA46 /* Foundation.framework */ = {isa = PBXFileReference; lastKnownFileType = wrapper.framework; name = Foundation.framework; path = System/Library/Frameworks/Foundation.framework; sourceTree = SDKROOT; };
		F773403B1849FC040019FA46 /* CoreGraphics.framework */ = {isa = PBXFileReference; lastKnownFileType = wrapper.framework; name = CoreGraphics.framework; path = System/Library/Frameworks/CoreGraphics.framework; sourceTree = SDKROOT; };
		F773403D1849FC040019FA46 /* UIKit.framework */ = {isa = PBXFileReference; lastKnownFileType = wrapper.framework; name = UIKit.framework; path = System/Library/Frameworks/UIKit.framework; sourceTree = SDKROOT; };
		F773403F1849FC040019FA46 /* CoreData.framework */ = {isa = PBXFileReference; lastKnownFileType = wrapper.framework; name = CoreData.framework; path = System/Library/Frameworks/CoreData.framework; sourceTree = SDKROOT; };
		F77340431849FC040019FA46 /* BooksMobile-Info.plist */ = {isa = PBXFileReference; lastKnownFileType = text.plist.xml; path = "BooksMobile-Info.plist"; sourceTree = "<group>"; };
		F77340451849FC040019FA46 /* en */ = {isa = PBXFileReference; lastKnownFileType = text.plist.strings; name = en; path = en.lproj/InfoPlist.strings; sourceTree = "<group>"; };
		F77340471849FC040019FA46 /* main.m */ = {isa = PBXFileReference; lastKnownFileType = sourcecode.c.objc; path = main.m; sourceTree = "<group>"; };
		F77340491849FC040019FA46 /* BooksMobile-Prefix.pch */ = {isa = PBXFileReference; lastKnownFileType = sourcecode.c.h; path = "BooksMobile-Prefix.pch"; sourceTree = "<group>"; };
		F773404A1849FC040019FA46 /* ADSAppDelegate.h */ = {isa = PBXFileReference; lastKnownFileType = sourcecode.c.h; path = ADSAppDelegate.h; sourceTree = "<group>"; };
		F773404B1849FC040019FA46 /* ADSAppDelegate.m */ = {isa = PBXFileReference; lastKnownFileType = sourcecode.c.objc; path = ADSAppDelegate.m; sourceTree = "<group>"; };
		F773404E1849FC040019FA46 /* BooksMobile.xcdatamodel */ = {isa = PBXFileReference; lastKnownFileType = wrapper.xcdatamodel; path = BooksMobile.xcdatamodel; sourceTree = "<group>"; };
		F77340501849FC040019FA46 /* Images.xcassets */ = {isa = PBXFileReference; lastKnownFileType = folder.assetcatalog; path = Images.xcassets; sourceTree = "<group>"; };
		F77340561849FC040019FA46 /* BooksMobileTests.xctest */ = {isa = PBXFileReference; explicitFileType = wrapper.cfbundle; includeInIndex = 0; path = BooksMobileTests.xctest; sourceTree = BUILT_PRODUCTS_DIR; };
		F77340571849FC040019FA46 /* XCTest.framework */ = {isa = PBXFileReference; lastKnownFileType = wrapper.framework; name = XCTest.framework; path = Library/Frameworks/XCTest.framework; sourceTree = DEVELOPER_DIR; };
		F77340601849FC040019FA46 /* BooksMobileTests-Info.plist */ = {isa = PBXFileReference; lastKnownFileType = text.plist.xml; path = "BooksMobileTests-Info.plist"; sourceTree = "<group>"; };
		F77340621849FC040019FA46 /* en */ = {isa = PBXFileReference; lastKnownFileType = text.plist.strings; name = en; path = en.lproj/InfoPlist.strings; sourceTree = "<group>"; };
		F77340641849FC040019FA46 /* BooksMobileTests.m */ = {isa = PBXFileReference; lastKnownFileType = sourcecode.c.objc; path = BooksMobileTests.m; sourceTree = "<group>"; };
		F7734083184A05EC0019FA46 /* ADSBook+UISupport.h */ = {isa = PBXFileReference; fileEncoding = 4; lastKnownFileType = sourcecode.c.h; path = "ADSBook+UISupport.h"; sourceTree = "<group>"; };
		F7734084184A05EC0019FA46 /* ADSBook+UISupport.m */ = {isa = PBXFileReference; fileEncoding = 4; lastKnownFileType = sourcecode.c.objc; path = "ADSBook+UISupport.m"; sourceTree = "<group>"; };
		F7734095184A08310019FA46 /* ADSAuthor.h */ = {isa = PBXFileReference; fileEncoding = 4; lastKnownFileType = sourcecode.c.h; path = ADSAuthor.h; sourceTree = "<group>"; };
		F7734096184A08310019FA46 /* ADSAuthor.m */ = {isa = PBXFileReference; fileEncoding = 4; lastKnownFileType = sourcecode.c.objc; path = ADSAuthor.m; sourceTree = "<group>"; };
		F7734098184A08320019FA46 /* ADSBook.h */ = {isa = PBXFileReference; fileEncoding = 4; lastKnownFileType = sourcecode.c.h; path = ADSBook.h; sourceTree = "<group>"; };
		F7734099184A08320019FA46 /* ADSBook.m */ = {isa = PBXFileReference; fileEncoding = 4; lastKnownFileType = sourcecode.c.objc; path = ADSBook.m; sourceTree = "<group>"; };
		F773409B184A0DC00019FA46 /* Storyboard.storyboard */ = {isa = PBXFileReference; fileEncoding = 4; lastKnownFileType = file.storyboard; path = Storyboard.storyboard; sourceTree = "<group>"; };
		F773409D184A17700019FA46 /* ADSAuthorViewController.h */ = {isa = PBXFileReference; fileEncoding = 4; lastKnownFileType = sourcecode.c.h; path = ADSAuthorViewController.h; sourceTree = "<group>"; };
		F773409E184A17700019FA46 /* ADSAuthorViewController.m */ = {isa = PBXFileReference; fileEncoding = 4; lastKnownFileType = sourcecode.c.objc; path = ADSAuthorViewController.m; sourceTree = "<group>"; };
		F77340A0184A185D0019FA46 /* ADSAuthorsListViewController.h */ = {isa = PBXFileReference; fileEncoding = 4; lastKnownFileType = sourcecode.c.h; path = ADSAuthorsListViewController.h; sourceTree = "<group>"; };
		F77340A1184A185D0019FA46 /* ADSAuthorsListViewController.m */ = {isa = PBXFileReference; fileEncoding = 4; lastKnownFileType = sourcecode.c.objc; path = ADSAuthorsListViewController.m; sourceTree = "<group>"; };
		F77340A6184A2D380019FA46 /* ADSAuthorEditViewController.h */ = {isa = PBXFileReference; fileEncoding = 4; lastKnownFileType = sourcecode.c.h; name = ADSAuthorEditViewController.h; path = ../ADSAuthorEditViewController.h; sourceTree = "<group>"; };
		F77340A7184A2D380019FA46 /* ADSAuthorEditViewController.m */ = {isa = PBXFileReference; fileEncoding = 4; lastKnownFileType = sourcecode.c.objc; name = ADSAuthorEditViewController.m; path = ../ADSAuthorEditViewController.m; sourceTree = "<group>"; };
/* End PBXFileReference section */

/* Begin PBXFrameworksBuildPhase section */
		F77340331849FC040019FA46 /* Frameworks */ = {
			isa = PBXFrameworksBuildPhase;
			buildActionMask = 2147483647;
			files = (
				F773403C1849FC040019FA46 /* CoreGraphics.framework in Frameworks */,
				F77340401849FC040019FA46 /* CoreData.framework in Frameworks */,
				F773403E1849FC040019FA46 /* UIKit.framework in Frameworks */,
				F773403A1849FC040019FA46 /* Foundation.framework in Frameworks */,
			);
			runOnlyForDeploymentPostprocessing = 0;
		};
		F77340531849FC040019FA46 /* Frameworks */ = {
			isa = PBXFrameworksBuildPhase;
			buildActionMask = 2147483647;
			files = (
				F77340581849FC040019FA46 /* XCTest.framework in Frameworks */,
				F773405B1849FC040019FA46 /* CoreData.framework in Frameworks */,
				F773405A1849FC040019FA46 /* UIKit.framework in Frameworks */,
				F77340591849FC040019FA46 /* Foundation.framework in Frameworks */,
			);
			runOnlyForDeploymentPostprocessing = 0;
		};
/* End PBXFrameworksBuildPhase section */

/* Begin PBXGroup section */
		F773402D1849FC040019FA46 = {
			isa = PBXGroup;
			children = (
				F77340411849FC040019FA46 /* BooksMobile */,
				F773405E1849FC040019FA46 /* BooksMobileTests */,
				F77340381849FC040019FA46 /* Frameworks */,
				F77340371849FC040019FA46 /* Products */,
			);
			sourceTree = "<group>";
		};
		F77340371849FC040019FA46 /* Products */ = {
			isa = PBXGroup;
			children = (
				F77340361849FC040019FA46 /* BooksMobile.app */,
				F77340561849FC040019FA46 /* BooksMobileTests.xctest */,
			);
			name = Products;
			sourceTree = "<group>";
		};
		F77340381849FC040019FA46 /* Frameworks */ = {
			isa = PBXGroup;
			children = (
				F77340391849FC040019FA46 /* Foundation.framework */,
				F773403B1849FC040019FA46 /* CoreGraphics.framework */,
				F773403D1849FC040019FA46 /* UIKit.framework */,
				F773403F1849FC040019FA46 /* CoreData.framework */,
				F77340571849FC040019FA46 /* XCTest.framework */,
			);
			name = Frameworks;
			sourceTree = "<group>";
		};
		F77340411849FC040019FA46 /* BooksMobile */ = {
			isa = PBXGroup;
			children = (
				F773404A1849FC040019FA46 /* ADSAppDelegate.h */,
				F773404B1849FC040019FA46 /* ADSAppDelegate.m */,
				F77340501849FC040019FA46 /* Images.xcassets */,
				F7734098184A08320019FA46 /* ADSBook.h */,
				F7734099184A08320019FA46 /* ADSBook.m */,
				F7734095184A08310019FA46 /* ADSAuthor.h */,
				F7734096184A08310019FA46 /* ADSAuthor.m */,
				F773404D1849FC040019FA46 /* BooksMobile.xcdatamodeld */,
				F77340421849FC040019FA46 /* Supporting Files */,
				F7734083184A05EC0019FA46 /* ADSBook+UISupport.h */,
				F7734084184A05EC0019FA46 /* ADSBook+UISupport.m */,
				F773409B184A0DC00019FA46 /* Storyboard.storyboard */,
				F773409D184A17700019FA46 /* ADSAuthorViewController.h */,
				F773409E184A17700019FA46 /* ADSAuthorViewController.m */,
				F77340A0184A185D0019FA46 /* ADSAuthorsListViewController.h */,
				F77340A1184A185D0019FA46 /* ADSAuthorsListViewController.m */,
				F77340A6184A2D380019FA46 /* ADSAuthorEditViewController.h */,
				F77340A7184A2D380019FA46 /* ADSAuthorEditViewController.m */,
			);
			path = BooksMobile;
			sourceTree = "<group>";
		};
		F77340421849FC040019FA46 /* Supporting Files */ = {
			isa = PBXGroup;
			children = (
				F77340431849FC040019FA46 /* BooksMobile-Info.plist */,
				F77340441849FC040019FA46 /* InfoPlist.strings */,
				F77340471849FC040019FA46 /* main.m */,
				F77340491849FC040019FA46 /* BooksMobile-Prefix.pch */,
			);
			name = "Supporting Files";
			sourceTree = "<group>";
		};
		F773405E1849FC040019FA46 /* BooksMobileTests */ = {
			isa = PBXGroup;
			children = (
				F77340641849FC040019FA46 /* BooksMobileTests.m */,
				F773405F1849FC040019FA46 /* Supporting Files */,
			);
			path = BooksMobileTests;
			sourceTree = "<group>";
		};
		F773405F1849FC040019FA46 /* Supporting Files */ = {
			isa = PBXGroup;
			children = (
				F77340601849FC040019FA46 /* BooksMobileTests-Info.plist */,
				F77340611849FC040019FA46 /* InfoPlist.strings */,
			);
			name = "Supporting Files";
			sourceTree = "<group>";
		};
/* End PBXGroup section */

/* Begin PBXNativeTarget section */
		F77340351849FC040019FA46 /* BooksMobile */ = {
			isa = PBXNativeTarget;
			buildConfigurationList = F77340681849FC040019FA46 /* Build configuration list for PBXNativeTarget "BooksMobile" */;
			buildPhases = (
				F77340321849FC040019FA46 /* Sources */,
				F77340331849FC040019FA46 /* Frameworks */,
				F77340341849FC040019FA46 /* Resources */,
			);
			buildRules = (
			);
			dependencies = (
			);
			name = BooksMobile;
			productName = BooksMobile;
			productReference = F77340361849FC040019FA46 /* BooksMobile.app */;
			productType = "com.apple.product-type.application";
		};
		F77340551849FC040019FA46 /* BooksMobileTests */ = {
			isa = PBXNativeTarget;
			buildConfigurationList = F773406B1849FC040019FA46 /* Build configuration list for PBXNativeTarget "BooksMobileTests" */;
			buildPhases = (
				F77340521849FC040019FA46 /* Sources */,
				F77340531849FC040019FA46 /* Frameworks */,
				F77340541849FC040019FA46 /* Resources */,
			);
			buildRules = (
			);
			dependencies = (
				F773405D1849FC040019FA46 /* PBXTargetDependency */,
			);
			name = BooksMobileTests;
			productName = BooksMobileTests;
			productReference = F77340561849FC040019FA46 /* BooksMobileTests.xctest */;
			productType = "com.apple.product-type.bundle.unit-test";
		};
/* End PBXNativeTarget section */

/* Begin PBXProject section */
		F773402E1849FC040019FA46 /* Project object */ = {
			isa = PBXProject;
			attributes = {
				CLASSPREFIX = ADS;
				LastUpgradeCheck = 0500;
				ORGANIZATIONNAME = UNIFOR;
				TargetAttributes = {
					F77340551849FC040019FA46 = {
						TestTargetID = F77340351849FC040019FA46;
					};
				};
			};
			buildConfigurationList = F77340311849FC040019FA46 /* Build configuration list for PBXProject "BooksMobile" */;
			compatibilityVersion = "Xcode 3.2";
			developmentRegion = English;
			hasScannedForEncodings = 0;
			knownRegions = (
				en,
			);
			mainGroup = F773402D1849FC040019FA46;
			productRefGroup = F77340371849FC040019FA46 /* Products */;
			projectDirPath = "";
			projectRoot = "";
			targets = (
				F77340351849FC040019FA46 /* BooksMobile */,
				F77340551849FC040019FA46 /* BooksMobileTests */,
			);
		};
/* End PBXProject section */

/* Begin PBXResourcesBuildPhase section */
		F77340341849FC040019FA46 /* Resources */ = {
			isa = PBXResourcesBuildPhase;
			buildActionMask = 2147483647;
			files = (
				F77340461849FC040019FA46 /* InfoPlist.strings in Resources */,
				F77340511849FC040019FA46 /* Images.xcassets in Resources */,
				F773409C184A0DC00019FA46 /* Storyboard.storyboard in Resources */,
			);
			runOnlyForDeploymentPostprocessing = 0;
		};
		F77340541849FC040019FA46 /* Resources */ = {
			isa = PBXResourcesBuildPhase;
			buildActionMask = 2147483647;
			files = (
				F77340631849FC040019FA46 /* InfoPlist.strings in Resources */,
			);
			runOnlyForDeploymentPostprocessing = 0;
		};
/* End PBXResourcesBuildPhase section */

/* Begin PBXSourcesBuildPhase section */
		F77340321849FC040019FA46 /* Sources */ = {
			isa = PBXSourcesBuildPhase;
			buildActionMask = 2147483647;
			files = (
				F77340481849FC040019FA46 /* main.m in Sources */,
				F773409F184A17700019FA46 /* ADSAuthorViewController.m in Sources */,
				F77340A2184A185D0019FA46 /* ADSAuthorsListViewController.m in Sources */,
				F773409A184A08320019FA46 /* ADSBook.m in Sources */,
				F7734085184A05EC0019FA46 /* ADSBook+UISupport.m in Sources */,
				F77340A8184A2D380019FA46 /* ADSAuthorEditViewController.m in Sources */,
				F7734097184A08310019FA46 /* ADSAuthor.m in Sources */,
				F773404F1849FC040019FA46 /* BooksMobile.xcdatamodeld in Sources */,
				F773404C1849FC040019FA46 /* ADSAppDelegate.m in Sources */,
			);
			runOnlyForDeploymentPostprocessing = 0;
		};
		F77340521849FC040019FA46 /* Sources */ = {
			isa = PBXSourcesBuildPhase;
			buildActionMask = 2147483647;
			files = (
				F77340651849FC040019FA46 /* BooksMobileTests.m in Sources */,
			);
			runOnlyForDeploymentPostprocessing = 0;
		};
/* End PBXSourcesBuildPhase section */

/* Begin PBXTargetDependency section */
		F773405D1849FC040019FA46 /* PBXTargetDependency */ = {
			isa = PBXTargetDependency;
			target = F77340351849FC040019FA46 /* BooksMobile */;
			targetProxy = F773405C1849FC040019FA46 /* PBXContainerItemProxy */;
		};
/* End PBXTargetDependency section */

/* Begin PBXVariantGroup section */
		F77340441849FC040019FA46 /* InfoPlist.strings */ = {
			isa = PBXVariantGroup;
			children = (
				F77340451849FC040019FA46 /* en */,
			);
			name = InfoPlist.strings;
			sourceTree = "<group>";
		};
		F77340611849FC040019FA46 /* InfoPlist.strings */ = {
			isa = PBXVariantGroup;
			children = (
				F77340621849FC040019FA46 /* en */,
			);
			name = InfoPlist.strings;
			sourceTree = "<group>";
		};
/* End PBXVariantGroup section */

/* Begin XCBuildConfiguration section */
		F77340661849FC040019FA46 /* Debug */ = {
			isa = XCBuildConfiguration;
			buildSettings = {
				ALWAYS_SEARCH_USER_PATHS = NO;
				ARCHS = "$(ARCHS_STANDARD_INCLUDING_64_BIT)";
				CLANG_CXX_LANGUAGE_STANDARD = "gnu++0x";
				CLANG_CXX_LIBRARY = "libc++";
				CLANG_ENABLE_MODULES = YES;
				CLANG_ENABLE_OBJC_ARC = YES;
				CLANG_WARN_BOOL_CONVERSION = YES;
				CLANG_WARN_CONSTANT_CONVERSION = YES;
				CLANG_WARN_DIRECT_OBJC_ISA_USAGE = YES_ERROR;
				CLANG_WARN_EMPTY_BODY = YES;
				CLANG_WARN_ENUM_CONVERSION = YES;
				CLANG_WARN_INT_CONVERSION = YES;
				CLANG_WARN_OBJC_ROOT_CLASS = YES_ERROR;
				CLANG_WARN__DUPLICATE_METHOD_MATCH = YES;
				"CODE_SIGN_IDENTITY[sdk=iphoneos*]" = "iPhone Developer";
				COPY_PHASE_STRIP = NO;
				GCC_C_LANGUAGE_STANDARD = gnu99;
				GCC_DYNAMIC_NO_PIC = NO;
				GCC_OPTIMIZATION_LEVEL = 0;
				GCC_PREPROCESSOR_DEFINITIONS = (
					"DEBUG=1",
					"$(inherited)",
				);
				GCC_SYMBOLS_PRIVATE_EXTERN = NO;
				GCC_WARN_64_TO_32_BIT_CONVERSION = YES;
				GCC_WARN_ABOUT_RETURN_TYPE = YES_ERROR;
				GCC_WARN_UNDECLARED_SELECTOR = YES;
				GCC_WARN_UNINITIALIZED_AUTOS = YES;
				GCC_WARN_UNUSED_FUNCTION = YES;
				GCC_WARN_UNUSED_VARIABLE = YES;
				IPHONEOS_DEPLOYMENT_TARGET = 7.0;
				ONLY_ACTIVE_ARCH = YES;
				SDKROOT = iphoneos;
			};
			name = Debug;
		};
		F77340671849FC040019FA46 /* Release */ = {
			isa = XCBuildConfiguration;
			buildSettings = {
				ALWAYS_SEARCH_USER_PATHS = NO;
				ARCHS = "$(ARCHS_STANDARD_INCLUDING_64_BIT)";
				CLANG_CXX_LANGUAGE_STANDARD = "gnu++0x";
				CLANG_CXX_LIBRARY = "libc++";
				CLANG_ENABLE_MODULES = YES;
				CLANG_ENABLE_OBJC_ARC = YES;
				CLANG_WARN_BOOL_CONVERSION = YES;
				CLANG_WARN_CONSTANT_CONVERSION = YES;
				CLANG_WARN_DIRECT_OBJC_ISA_USAGE = YES_ERROR;
				CLANG_WARN_EMPTY_BODY = YES;
				CLANG_WARN_ENUM_CONVERSION = YES;
				CLANG_WARN_INT_CONVERSION = YES;
				CLANG_WARN_OBJC_ROOT_CLASS = YES_ERROR;
				CLANG_WARN__DUPLICATE_METHOD_MATCH = YES;
				"CODE_SIGN_IDENTITY[sdk=iphoneos*]" = "iPhone Developer";
				COPY_PHASE_STRIP = YES;
				ENABLE_NS_ASSERTIONS = NO;
				GCC_C_LANGUAGE_STANDARD = gnu99;
				GCC_WARN_64_TO_32_BIT_CONVERSION = YES;
				GCC_WARN_ABOUT_RETURN_TYPE = YES_ERROR;
				GCC_WARN_UNDECLARED_SELECTOR = YES;
				GCC_WARN_UNINITIALIZED_AUTOS = YES;
				GCC_WARN_UNUSED_FUNCTION = YES;
				GCC_WARN_UNUSED_VARIABLE = YES;
				IPHONEOS_DEPLOYMENT_TARGET = 7.0;
				SDKROOT = iphoneos;
				VALIDATE_PRODUCT = YES;
			};
			name = Release;
		};
		F77340691849FC040019FA46 /* Debug */ = {
			isa = XCBuildConfiguration;
			buildSettings = {
				ASSETCATALOG_COMPILER_APPICON_NAME = AppIcon;
				ASSETCATALOG_COMPILER_LAUNCHIMAGE_NAME = LaunchImage;
				GCC_PRECOMPILE_PREFIX_HEADER = YES;
				GCC_PREFIX_HEADER = "BooksMobile/BooksMobile-Prefix.pch";
				INFOPLIST_FILE = "BooksMobile/BooksMobile-Info.plist";
				PRODUCT_NAME = "$(TARGET_NAME)";
				WRAPPER_EXTENSION = app;
			};
			name = Debug;
		};
		F773406A1849FC040019FA46 /* Release */ = {
			isa = XCBuildConfiguration;
			buildSettings = {
				ASSETCATALOG_COMPILER_APPICON_NAME = AppIcon;
				ASSETCATALOG_COMPILER_LAUNCHIMAGE_NAME = LaunchImage;
				GCC_PRECOMPILE_PREFIX_HEADER = YES;
				GCC_PREFIX_HEADER = "BooksMobile/BooksMobile-Prefix.pch";
				INFOPLIST_FILE = "BooksMobile/BooksMobile-Info.plist";
				PRODUCT_NAME = "$(TARGET_NAME)";
				WRAPPER_EXTENSION = app;
			};
			name = Release;
		};
		F773406C1849FC040019FA46 /* Debug */ = {
			isa = XCBuildConfiguration;
			buildSettings = {
				ARCHS = "$(ARCHS_STANDARD_INCLUDING_64_BIT)";
				BUNDLE_LOADER = "$(BUILT_PRODUCTS_DIR)/BooksMobile.app/BooksMobile";
				FRAMEWORK_SEARCH_PATHS = (
					"$(SDKROOT)/Developer/Library/Frameworks",
					"$(inherited)",
					"$(DEVELOPER_FRAMEWORKS_DIR)",
				);
				GCC_PRECOMPILE_PREFIX_HEADER = YES;
				GCC_PREFIX_HEADER = "BooksMobile/BooksMobile-Prefix.pch";
				GCC_PREPROCESSOR_DEFINITIONS = (
					"DEBUG=1",
					"$(inherited)",
				);
				INFOPLIST_FILE = "BooksMobileTests/BooksMobileTests-Info.plist";
				PRODUCT_NAME = "$(TARGET_NAME)";
				TEST_HOST = "$(BUNDLE_LOADER)";
				WRAPPER_EXTENSION = xctest;
			};
			name = Debug;
		};
		F773406D1849FC040019FA46 /* Release */ = {
			isa = XCBuildConfiguration;
			buildSettings = {
				ARCHS = "$(ARCHS_STANDARD_INCLUDING_64_BIT)";
				BUNDLE_LOADER = "$(BUILT_PRODUCTS_DIR)/BooksMobile.app/BooksMobile";
				FRAMEWORK_SEARCH_PATHS = (
					"$(SDKROOT)/Developer/Library/Frameworks",
					"$(inherited)",
					"$(DEVELOPER_FRAMEWORKS_DIR)",
				);
				GCC_PRECOMPILE_PREFIX_HEADER = YES;
				GCC_PREFIX_HEADER = "BooksMobile/BooksMobile-Prefix.pch";
				INFOPLIST_FILE = "BooksMobileTests/BooksMobileTests-Info.plist";
				PRODUCT_NAME = "$(TARGET_NAME)";
				TEST_HOST = "$(BUNDLE_LOADER)";
				WRAPPER_EXTENSION = xctest;
			};
			name = Release;
		};
/* End XCBuildConfiguration section */

/* Begin XCConfigurationList section */
		F77340311849FC040019FA46 /* Build configuration list for PBXProject "BooksMobile" */ = {
			isa = XCConfigurationList;
			buildConfigurations = (
				F77340661849FC040019FA46 /* Debug */,
				F77340671849FC040019FA46 /* Release */,
			);
			defaultConfigurationIsVisible = 0;
			defaultConfigurationName = Release;
		};
		F77340681849FC040019FA46 /* Build configuration list for PBXNativeTarget "BooksMobile" */ = {
			isa = XCConfigurationList;
			buildConfigurations = (
				F77340691849FC040019FA46 /* Debug */,
				F773406A1849FC040019FA46 /* Release */,
			);
			defaultConfigurationIsVisible = 0;
		};
		F773406B1849FC040019FA46 /* Build configuration list for PBXNativeTarget "BooksMobileTests" */ = {
			isa = XCConfigurationList;
			buildConfigurations = (
				F773406C1849FC040019FA46 /* Debug */,
				F773406D1849FC040019FA46 /* Release */,
			);
			defaultConfigurationIsVisible = 0;
		};
/* End XCConfigurationList section */

/* Begin XCVersionGroup section */
		F773404D1849FC040019FA46 /* BooksMobile.xcdatamodeld */ = {
			isa = XCVersionGroup;
			children = (
				F773404E1849FC040019FA46 /* BooksMobile.xcdatamodel */,
			);
			currentVersion = F773404E1849FC040019FA46 /* BooksMobile.xcdatamodel */;
			path = BooksMobile.xcdatamodeld;
			sourceTree = "<group>";
			versionGroupType = wrapper.xcdatamodel;
		};
/* End XCVersionGroup section */
	};
	rootObject = F773402E1849FC040019FA46 /* Project object */;
}
